
Microsoft Visual Studio Solution File, Format Version 12.00
# Visual Studio 15
VisualStudioVersion = 15.0.27703.2000
MinimumVisualStudioVersion = 10.0.40219.1
Project("{2150E333-8FDC-42A3-9474-1A3956D46DE8}") = "Applications", "Applications", "{D99311C1-6472-467F-8C7E-502B33786BE0}"
EndProject
Project("{9A19103F-16F7-4668-BE54-9A1E7A4F7556}") = "GoGoApi", "Applications\GoGoApi\GoGoApi.csproj", "{5539BDC7-CB85-4B8D-A2BE-1D38350E058A}"
EndProject
Project("{9A19103F-16F7-4668-BE54-9A1E7A4F7556}") = "GoGoSpa", "Applications\GoGoSpa\GoGoSpa.csproj", "{1D1326BE-0B06-4F86-BF89-C883AE3E425E}"
EndProject
Project("{2150E333-8FDC-42A3-9474-1A3956D46DE8}") = "Infrastructure", "Infrastructure", "{30907ED4-E6C6-4831-AB53-15EF7F5258ED}"
EndProject
Project("{2150E333-8FDC-42A3-9474-1A3956D46DE8}") = "Domain", "Domain", "{8EF5B45C-FA38-4B73-B959-081F5D7F7EE7}"
EndProject
Project("{9A19103F-16F7-4668-BE54-9A1E7A4F7556}") = "Infrastructures", "Infrastructures\Infrastructures\Infrastructures.csproj", "{972B4ADC-534F-4330-AB90-AFA433FEECF5}"
EndProject
Project("{9A19103F-16F7-4668-BE54-9A1E7A4F7556}") = "Domains", "Domains\Domains\Domains.csproj", "{B28247FA-A72E-4E7F-9EA8-13C5F845051F}"
EndProject
Project("{9A19103F-16F7-4668-BE54-9A1E7A4F7556}") = "Infrastructures.DbMigration", "Infrastructures\Infrastructures.DbMigration\Infrastructures.DbMigration.csproj", "{379CD7DE-AE00-400F-B820-AC614B5216BA}"
EndProject
Project("{9A19103F-16F7-4668-BE54-9A1E7A4F7556}") = "Infrastructures.SeedData", "Infrastructures\Infrastructures.SeedData\Infrastructures.SeedData.csproj", "{59008F7C-59B7-4C2B-B738-30C1780C1D4D}"
EndProject
Project("{2150E333-8FDC-42A3-9474-1A3956D46DE8}") = "BuildingBlocks", "BuildingBlocks", "{7E82EC4B-7F98-41E0-AF26-66C2036308DF}"
EndProject
Project("{2150E333-8FDC-42A3-9474-1A3956D46DE8}") = "Common", "Common", "{DCEF64E2-BB0A-4A19-A92B-302ECE216BB2}"
EndProject
Project("{2150E333-8FDC-42A3-9474-1A3956D46DE8}") = "DataBinding", "DataBinding", "{141C61E2-7D00-4C8B-A637-64DF81042BB3}"
EndProject
Project("{2150E333-8FDC-42A3-9474-1A3956D46DE8}") = "Domain", "Domain", "{F71CD505-A82D-4032-84B9-CA58F6CF16AE}"
EndProject
Project("{2150E333-8FDC-42A3-9474-1A3956D46DE8}") = "EntityFramework", "EntityFramework", "{499D06D0-CD1E-42B6-B6DE-C52E36BAB76F}"
EndProject
Project("{2150E333-8FDC-42A3-9474-1A3956D46DE8}") = "IoC", "IoC", "{0BEE4A2C-9F75-4786-96A5-18C639E97279}"
EndProject
Project("{2150E333-8FDC-42A3-9474-1A3956D46DE8}") = "Mvc", "Mvc", "{37B2232D-F2F0-462F-BA2B-85BE9CB972FB}"
EndProject
Project("{2150E333-8FDC-42A3-9474-1A3956D46DE8}") = "Storage", "Storage", "{0A7A3908-62C4-4F9B-83C7-BCC0C383125E}"
EndProject
Project("{2150E333-8FDC-42A3-9474-1A3956D46DE8}") = "UnitOfWork", "UnitOfWork", "{A1255164-CFBB-4A89-9D35-08857A5178D6}"
EndProject
Project("{2150E333-8FDC-42A3-9474-1A3956D46DE8}") = "Validation", "Validation", "{E9CBF031-0369-459D-AE27-10AB20E089AC}"
EndProject
Project("{9A19103F-16F7-4668-BE54-9A1E7A4F7556}") = "Groove.AspNetCore.Common", "BuildingBlocks\Common\Groove.AspNetCore.Common\Groove.AspNetCore.Common.csproj", "{639285E4-5830-4EFA-9778-E2688D08B9C4}"
EndProject
Project("{9A19103F-16F7-4668-BE54-9A1E7A4F7556}") = "Groove.AspNetCore.DataBinding.AutoMapperExtentions", "BuildingBlocks\DataBinding\Groove.AspNetCore.DataBinding.AutoMapperExtentions\Groove.AspNetCore.DataBinding.AutoMapperExtentions.csproj", "{30344E79-83CC-4C78-9F37-3FA1797F261D}"
EndProject
Project("{9A19103F-16F7-4668-BE54-9A1E7A4F7556}") = "Groove.AspNetCore.Domain", "BuildingBlocks\Domain\Groove.AspNetCore.Domain\Groove.AspNetCore.Domain.csproj", "{D8FE949B-B125-4561-B957-1B4E860E9909}"
EndProject
Project("{9A19103F-16F7-4668-BE54-9A1E7A4F7556}") = "Groove.AspNetCore.EntityFramework", "BuildingBlocks\EntityFramework\Groove.AspNetCore.EntityFramework\Groove.AspNetCore.EntityFramework.csproj", "{BFDCEF1F-CAB5-4C9A-A761-D0C15E554F72}"
EndProject
Project("{9A19103F-16F7-4668-BE54-9A1E7A4F7556}") = "Groove.AspNetCore.IoC.Autofact", "BuildingBlocks\IoC\Groove.AspNetCore.IoC.Autofact\Groove.AspNetCore.IoC.Autofact.csproj", "{3FA49C39-5C99-496B-A7D3-51D0F1C3A2FE}"
EndProject
Project("{9A19103F-16F7-4668-BE54-9A1E7A4F7556}") = "Groove.AspNetCore.Mvc", "BuildingBlocks\Mvc\Groove.AspNetCore.Mvc\Groove.AspNetCore.Mvc.csproj", "{B6E2BA11-84D1-4E59-990B-FB84DFB471B7}"
EndProject
Project("{9A19103F-16F7-4668-BE54-9A1E7A4F7556}") = "Groove.AspNetCore.Mvc.JwtBearer", "BuildingBlocks\Mvc\Groove.AspNetCore.Mvc.JwtBearer\Groove.AspNetCore.Mvc.JwtBearer.csproj", "{398FA298-4BF2-410C-A939-AC2AA25BA483}"
EndProject
Project("{9A19103F-16F7-4668-BE54-9A1E7A4F7556}") = "Groove.AspNetCore.Storage", "BuildingBlocks\Storage\Groove.AspNetCore.Storage\Groove.AspNetCore.Storage.csproj", "{49C58B54-5960-4A76-89A7-5301F758520B}"
EndProject
Project("{9A19103F-16F7-4668-BE54-9A1E7A4F7556}") = "Groove.AspNetCore.Storage.FileSystem", "BuildingBlocks\Storage\Groove.AspNetCore.Storage.FileSystem\Groove.AspNetCore.Storage.FileSystem.csproj", "{518EF0FE-59BF-4A89-91BA-FC7916A1FD6B}"
EndProject
Project("{9A19103F-16F7-4668-BE54-9A1E7A4F7556}") = "Groove.AspNetCore.UnitOfWork", "BuildingBlocks\UnitOfWork\Groove.AspNetCore.UnitOfWork\Groove.AspNetCore.UnitOfWork.csproj", "{6842E3B0-FA0B-4C8C-A9A5-C6FFCA47D4F3}"
EndProject
Project("{9A19103F-16F7-4668-BE54-9A1E7A4F7556}") = "Groove.AspNetCore.UnitOfWork.EntityFramework", "BuildingBlocks\UnitOfWork\Groove.AspNetCore.UnitOfWork.EntityFramework\Groove.AspNetCore.UnitOfWork.EntityFramework.csproj", "{025FE9BF-00D0-48EA-90E2-6A88AB0815F3}"
EndProject
Project("{9A19103F-16F7-4668-BE54-9A1E7A4F7556}") = "Groove.AspNetCore.FluentValidation", "BuildingBlocks\Validation\Groove.AspNetCore.FluentValidation\Groove.AspNetCore.FluentValidation.csproj", "{C6B4BC97-D036-41AD-82C5-338AB462D13A}"
EndProject
Global
	GlobalSection(SolutionConfigurationPlatforms) = preSolution
		Debug|Any CPU = Debug|Any CPU
		Release|Any CPU = Release|Any CPU
	EndGlobalSection
	GlobalSection(ProjectConfigurationPlatforms) = postSolution
		{5539BDC7-CB85-4B8D-A2BE-1D38350E058A}.Debug|Any CPU.ActiveCfg = Debug|Any CPU
		{5539BDC7-CB85-4B8D-A2BE-1D38350E058A}.Debug|Any CPU.Build.0 = Debug|Any CPU
		{5539BDC7-CB85-4B8D-A2BE-1D38350E058A}.Release|Any CPU.ActiveCfg = Release|Any CPU
		{5539BDC7-CB85-4B8D-A2BE-1D38350E058A}.Release|Any CPU.Build.0 = Release|Any CPU
		{1D1326BE-0B06-4F86-BF89-C883AE3E425E}.Debug|Any CPU.ActiveCfg = Debug|Any CPU
		{1D1326BE-0B06-4F86-BF89-C883AE3E425E}.Debug|Any CPU.Build.0 = Debug|Any CPU
		{1D1326BE-0B06-4F86-BF89-C883AE3E425E}.Release|Any CPU.ActiveCfg = Release|Any CPU
		{1D1326BE-0B06-4F86-BF89-C883AE3E425E}.Release|Any CPU.Build.0 = Release|Any CPU
		{972B4ADC-534F-4330-AB90-AFA433FEECF5}.Debug|Any CPU.ActiveCfg = Debug|Any CPU
		{972B4ADC-534F-4330-AB90-AFA433FEECF5}.Debug|Any CPU.Build.0 = Debug|Any CPU
		{972B4ADC-534F-4330-AB90-AFA433FEECF5}.Release|Any CPU.ActiveCfg = Release|Any CPU
		{972B4ADC-534F-4330-AB90-AFA433FEECF5}.Release|Any CPU.Build.0 = Release|Any CPU
		{B28247FA-A72E-4E7F-9EA8-13C5F845051F}.Debug|Any CPU.ActiveCfg = Debug|Any CPU
		{B28247FA-A72E-4E7F-9EA8-13C5F845051F}.Debug|Any CPU.Build.0 = Debug|Any CPU
		{B28247FA-A72E-4E7F-9EA8-13C5F845051F}.Release|Any CPU.ActiveCfg = Release|Any CPU
		{B28247FA-A72E-4E7F-9EA8-13C5F845051F}.Release|Any CPU.Build.0 = Release|Any CPU
		{379CD7DE-AE00-400F-B820-AC614B5216BA}.Debug|Any CPU.ActiveCfg = Debug|Any CPU
		{379CD7DE-AE00-400F-B820-AC614B5216BA}.Debug|Any CPU.Build.0 = Debug|Any CPU
		{379CD7DE-AE00-400F-B820-AC614B5216BA}.Release|Any CPU.ActiveCfg = Release|Any CPU
		{379CD7DE-AE00-400F-B820-AC614B5216BA}.Release|Any CPU.Build.0 = Release|Any CPU
		{59008F7C-59B7-4C2B-B738-30C1780C1D4D}.Debug|Any CPU.ActiveCfg = Debug|Any CPU
		{59008F7C-59B7-4C2B-B738-30C1780C1D4D}.Debug|Any CPU.Build.0 = Debug|Any CPU
		{59008F7C-59B7-4C2B-B738-30C1780C1D4D}.Release|Any CPU.ActiveCfg = Release|Any CPU
		{59008F7C-59B7-4C2B-B738-30C1780C1D4D}.Release|Any CPU.Build.0 = Release|Any CPU
		{639285E4-5830-4EFA-9778-E2688D08B9C4}.Debug|Any CPU.ActiveCfg = Debug|Any CPU
		{639285E4-5830-4EFA-9778-E2688D08B9C4}.Debug|Any CPU.Build.0 = Debug|Any CPU
		{639285E4-5830-4EFA-9778-E2688D08B9C4}.Release|Any CPU.ActiveCfg = Release|Any CPU
		{639285E4-5830-4EFA-9778-E2688D08B9C4}.Release|Any CPU.Build.0 = Release|Any CPU
		{30344E79-83CC-4C78-9F37-3FA1797F261D}.Debug|Any CPU.ActiveCfg = Debug|Any CPU
		{30344E79-83CC-4C78-9F37-3FA1797F261D}.Debug|Any CPU.Build.0 = Debug|Any CPU
		{30344E79-83CC-4C78-9F37-3FA1797F261D}.Release|Any CPU.ActiveCfg = Release|Any CPU
		{30344E79-83CC-4C78-9F37-3FA1797F261D}.Release|Any CPU.Build.0 = Release|Any CPU
		{D8FE949B-B125-4561-B957-1B4E860E9909}.Debug|Any CPU.ActiveCfg = Debug|Any CPU
		{D8FE949B-B125-4561-B957-1B4E860E9909}.Debug|Any CPU.Build.0 = Debug|Any CPU
		{D8FE949B-B125-4561-B957-1B4E860E9909}.Release|Any CPU.ActiveCfg = Release|Any CPU
		{D8FE949B-B125-4561-B957-1B4E860E9909}.Release|Any CPU.Build.0 = Release|Any CPU
		{BFDCEF1F-CAB5-4C9A-A761-D0C15E554F72}.Debug|Any CPU.ActiveCfg = Debug|Any CPU
		{BFDCEF1F-CAB5-4C9A-A761-D0C15E554F72}.Debug|Any CPU.Build.0 = Debug|Any CPU
		{BFDCEF1F-CAB5-4C9A-A761-D0C15E554F72}.Release|Any CPU.ActiveCfg = Release|Any CPU
		{BFDCEF1F-CAB5-4C9A-A761-D0C15E554F72}.Release|Any CPU.Build.0 = Release|Any CPU
		{3FA49C39-5C99-496B-A7D3-51D0F1C3A2FE}.Debug|Any CPU.ActiveCfg = Debug|Any CPU
		{3FA49C39-5C99-496B-A7D3-51D0F1C3A2FE}.Debug|Any CPU.Build.0 = Debug|Any CPU
		{3FA49C39-5C99-496B-A7D3-51D0F1C3A2FE}.Release|Any CPU.ActiveCfg = Release|Any CPU
		{3FA49C39-5C99-496B-A7D3-51D0F1C3A2FE}.Release|Any CPU.Build.0 = Release|Any CPU
		{B6E2BA11-84D1-4E59-990B-FB84DFB471B7}.Debug|Any CPU.ActiveCfg = Debug|Any CPU
		{B6E2BA11-84D1-4E59-990B-FB84DFB471B7}.Debug|Any CPU.Build.0 = Debug|Any CPU
		{B6E2BA11-84D1-4E59-990B-FB84DFB471B7}.Release|Any CPU.ActiveCfg = Release|Any CPU
		{B6E2BA11-84D1-4E59-990B-FB84DFB471B7}.Release|Any CPU.Build.0 = Release|Any CPU
		{398FA298-4BF2-410C-A939-AC2AA25BA483}.Debug|Any CPU.ActiveCfg = Debug|Any CPU
		{398FA298-4BF2-410C-A939-AC2AA25BA483}.Debug|Any CPU.Build.0 = Debug|Any CPU
		{398FA298-4BF2-410C-A939-AC2AA25BA483}.Release|Any CPU.ActiveCfg = Release|Any CPU
		{398FA298-4BF2-410C-A939-AC2AA25BA483}.Release|Any CPU.Build.0 = Release|Any CPU
		{49C58B54-5960-4A76-89A7-5301F758520B}.Debug|Any CPU.ActiveCfg = Debug|Any CPU
		{49C58B54-5960-4A76-89A7-5301F758520B}.Debug|Any CPU.Build.0 = Debug|Any CPU
		{49C58B54-5960-4A76-89A7-5301F758520B}.Release|Any CPU.ActiveCfg = Release|Any CPU
		{49C58B54-5960-4A76-89A7-5301F758520B}.Release|Any CPU.Build.0 = Release|Any CPU
		{518EF0FE-59BF-4A89-91BA-FC7916A1FD6B}.Debug|Any CPU.ActiveCfg = Debug|Any CPU
		{518EF0FE-59BF-4A89-91BA-FC7916A1FD6B}.Debug|Any CPU.Build.0 = Debug|Any CPU
		{518EF0FE-59BF-4A89-91BA-FC7916A1FD6B}.Release|Any CPU.ActiveCfg = Release|Any CPU
		{518EF0FE-59BF-4A89-91BA-FC7916A1FD6B}.Release|Any CPU.Build.0 = Release|Any CPU
		{6842E3B0-FA0B-4C8C-A9A5-C6FFCA47D4F3}.Debug|Any CPU.ActiveCfg = Debug|Any CPU
		{6842E3B0-FA0B-4C8C-A9A5-C6FFCA47D4F3}.Debug|Any CPU.Build.0 = Debug|Any CPU
		{6842E3B0-FA0B-4C8C-A9A5-C6FFCA47D4F3}.Release|Any CPU.ActiveCfg = Release|Any CPU
		{6842E3B0-FA0B-4C8C-A9A5-C6FFCA47D4F3}.Release|Any CPU.Build.0 = Release|Any CPU
		{025FE9BF-00D0-48EA-90E2-6A88AB0815F3}.Debug|Any CPU.ActiveCfg = Debug|Any CPU
		{025FE9BF-00D0-48EA-90E2-6A88AB0815F3}.Debug|Any CPU.Build.0 = Debug|Any CPU
		{025FE9BF-00D0-48EA-90E2-6A88AB0815F3}.Release|Any CPU.ActiveCfg = Release|Any CPU
		{025FE9BF-00D0-48EA-90E2-6A88AB0815F3}.Release|Any CPU.Build.0 = Release|Any CPU
		{C6B4BC97-D036-41AD-82C5-338AB462D13A}.Debug|Any CPU.ActiveCfg = Debug|Any CPU
		{C6B4BC97-D036-41AD-82C5-338AB462D13A}.Debug|Any CPU.Build.0 = Debug|Any CPU
		{C6B4BC97-D036-41AD-82C5-338AB462D13A}.Release|Any CPU.ActiveCfg = Release|Any CPU
		{C6B4BC97-D036-41AD-82C5-338AB462D13A}.Release|Any CPU.Build.0 = Release|Any CPU
	EndGlobalSection
	GlobalSection(SolutionProperties) = preSolution
		HideSolutionNode = FALSE
	EndGlobalSection
	GlobalSection(NestedProjects) = preSolution
		{5539BDC7-CB85-4B8D-A2BE-1D38350E058A} = {D99311C1-6472-467F-8C7E-502B33786BE0}
		{1D1326BE-0B06-4F86-BF89-C883AE3E425E} = {D99311C1-6472-467F-8C7E-502B33786BE0}
		{972B4ADC-534F-4330-AB90-AFA433FEECF5} = {30907ED4-E6C6-4831-AB53-15EF7F5258ED}
		{B28247FA-A72E-4E7F-9EA8-13C5F845051F} = {8EF5B45C-FA38-4B73-B959-081F5D7F7EE7}
		{379CD7DE-AE00-400F-B820-AC614B5216BA} = {30907ED4-E6C6-4831-AB53-15EF7F5258ED}
		{59008F7C-59B7-4C2B-B738-30C1780C1D4D} = {30907ED4-E6C6-4831-AB53-15EF7F5258ED}
		{DCEF64E2-BB0A-4A19-A92B-302ECE216BB2} = {7E82EC4B-7F98-41E0-AF26-66C2036308DF}
		{141C61E2-7D00-4C8B-A637-64DF81042BB3} = {7E82EC4B-7F98-41E0-AF26-66C2036308DF}
		{F71CD505-A82D-4032-84B9-CA58F6CF16AE} = {7E82EC4B-7F98-41E0-AF26-66C2036308DF}
		{499D06D0-CD1E-42B6-B6DE-C52E36BAB76F} = {7E82EC4B-7F98-41E0-AF26-66C2036308DF}
		{0BEE4A2C-9F75-4786-96A5-18C639E97279} = {7E82EC4B-7F98-41E0-AF26-66C2036308DF}
		{37B2232D-F2F0-462F-BA2B-85BE9CB972FB} = {7E82EC4B-7F98-41E0-AF26-66C2036308DF}
		{0A7A3908-62C4-4F9B-83C7-BCC0C383125E} = {7E82EC4B-7F98-41E0-AF26-66C2036308DF}
		{A1255164-CFBB-4A89-9D35-08857A5178D6} = {7E82EC4B-7F98-41E0-AF26-66C2036308DF}
		{E9CBF031-0369-459D-AE27-10AB20E089AC} = {7E82EC4B-7F98-41E0-AF26-66C2036308DF}
		{639285E4-5830-4EFA-9778-E2688D08B9C4} = {DCEF64E2-BB0A-4A19-A92B-302ECE216BB2}
		{30344E79-83CC-4C78-9F37-3FA1797F261D} = {141C61E2-7D00-4C8B-A637-64DF81042BB3}
		{D8FE949B-B125-4561-B957-1B4E860E9909} = {F71CD505-A82D-4032-84B9-CA58F6CF16AE}
		{BFDCEF1F-CAB5-4C9A-A761-D0C15E554F72} = {499D06D0-CD1E-42B6-B6DE-C52E36BAB76F}
		{3FA49C39-5C99-496B-A7D3-51D0F1C3A2FE} = {0BEE4A2C-9F75-4786-96A5-18C639E97279}
		{B6E2BA11-84D1-4E59-990B-FB84DFB471B7} = {37B2232D-F2F0-462F-BA2B-85BE9CB972FB}
		{398FA298-4BF2-410C-A939-AC2AA25BA483} = {37B2232D-F2F0-462F-BA2B-85BE9CB972FB}
		{49C58B54-5960-4A76-89A7-5301F758520B} = {0A7A3908-62C4-4F9B-83C7-BCC0C383125E}
		{518EF0FE-59BF-4A89-91BA-FC7916A1FD6B} = {0A7A3908-62C4-4F9B-83C7-BCC0C383125E}
		{6842E3B0-FA0B-4C8C-A9A5-C6FFCA47D4F3} = {A1255164-CFBB-4A89-9D35-08857A5178D6}
		{025FE9BF-00D0-48EA-90E2-6A88AB0815F3} = {A1255164-CFBB-4A89-9D35-08857A5178D6}
		{C6B4BC97-D036-41AD-82C5-338AB462D13A} = {E9CBF031-0369-459D-AE27-10AB20E089AC}
	EndGlobalSection
	GlobalSection(ExtensibilityGlobals) = postSolution
		SolutionGuid = {6FFE9699-A6C4-4494-9A9F-20DA18D25B7B}
	EndGlobalSection
EndGlobal
